// !$*UTF8*$!
{
	archiveVersion = 1;
	classes = {
	};
	objectVersion = 56;
	objects = {

/* Begin PBXBuildFile section */
		8A2A544529ACBAD800D032C4 /* AppDelegate.swift in Sources */ = {isa = PBXBuildFile; fileRef = 8A2A544429ACBAD800D032C4 /* AppDelegate.swift */; };
		8A2A544729ACBAD800D032C4 /* SceneDelegate.swift in Sources */ = {isa = PBXBuildFile; fileRef = 8A2A544629ACBAD800D032C4 /* SceneDelegate.swift */; };
		8A2A544929ACBAD800D032C4 /* RMTabBarController.swift in Sources */ = {isa = PBXBuildFile; fileRef = 8A2A544829ACBAD800D032C4 /* RMTabBarController.swift */; };
		8A2A544E29ACBADA00D032C4 /* Assets.xcassets in Resources */ = {isa = PBXBuildFile; fileRef = 8A2A544D29ACBADA00D032C4 /* Assets.xcassets */; };
		8A2A545129ACBADA00D032C4 /* LaunchScreen.storyboard in Resources */ = {isa = PBXBuildFile; fileRef = 8A2A544F29ACBADA00D032C4 /* LaunchScreen.storyboard */; };
		8AE1244B29ACF02200D0C4B6 /* RMLocation.swift in Sources */ = {isa = PBXBuildFile; fileRef = 8AE1244A29ACF02200D0C4B6 /* RMLocation.swift */; };
		8AE1244D29ACF03900D0C4B6 /* RMCharacter.swift in Sources */ = {isa = PBXBuildFile; fileRef = 8AE1244C29ACF03900D0C4B6 /* RMCharacter.swift */; };
		8AE1244F29ACF05100D0C4B6 /* RMEpisode.swift in Sources */ = {isa = PBXBuildFile; fileRef = 8AE1244E29ACF05100D0C4B6 /* RMEpisode.swift */; };
		8AE1245229ACF30700D0C4B6 /* RMCharacterViewController.swift in Sources */ = {isa = PBXBuildFile; fileRef = 8AE1245129ACF30700D0C4B6 /* RMCharacterViewController.swift */; };
		8AE1245429ACF34B00D0C4B6 /* RMLocationViewController.swift in Sources */ = {isa = PBXBuildFile; fileRef = 8AE1245329ACF34B00D0C4B6 /* RMLocationViewController.swift */; };
		8AE1245629ACF38600D0C4B6 /* RMEpisodeViewController.swift in Sources */ = {isa = PBXBuildFile; fileRef = 8AE1245529ACF38600D0C4B6 /* RMEpisodeViewController.swift */; };
		8AE1245829ACF39F00D0C4B6 /* RMSettingsViewController.swift in Sources */ = {isa = PBXBuildFile; fileRef = 8AE1245729ACF39F00D0C4B6 /* RMSettingsViewController.swift */; };
/* End PBXBuildFile section */

/* Begin PBXFileReference section */
		8A2A544129ACBAD800D032C4 /* RickAndMortyApp.app */ = {isa = PBXFileReference; explicitFileType = wrapper.application; includeInIndex = 0; path = RickAndMortyApp.app; sourceTree = BUILT_PRODUCTS_DIR; };
		8A2A544429ACBAD800D032C4 /* AppDelegate.swift */ = {isa = PBXFileReference; lastKnownFileType = sourcecode.swift; path = AppDelegate.swift; sourceTree = "<group>"; };
		8A2A544629ACBAD800D032C4 /* SceneDelegate.swift */ = {isa = PBXFileReference; lastKnownFileType = sourcecode.swift; path = SceneDelegate.swift; sourceTree = "<group>"; };
		8A2A544829ACBAD800D032C4 /* RMTabBarController.swift */ = {isa = PBXFileReference; lastKnownFileType = sourcecode.swift; path = RMTabBarController.swift; sourceTree = "<group>"; };
		8A2A544D29ACBADA00D032C4 /* Assets.xcassets */ = {isa = PBXFileReference; lastKnownFileType = folder.assetcatalog; path = Assets.xcassets; sourceTree = "<group>"; };
		8A2A545029ACBADA00D032C4 /* Base */ = {isa = PBXFileReference; lastKnownFileType = file.storyboard; name = Base; path = Base.lproj/LaunchScreen.storyboard; sourceTree = "<group>"; };
		8A2A545229ACBADA00D032C4 /* Info.plist */ = {isa = PBXFileReference; lastKnownFileType = text.plist.xml; path = Info.plist; sourceTree = "<group>"; };
		8AE1244A29ACF02200D0C4B6 /* RMLocation.swift */ = {isa = PBXFileReference; lastKnownFileType = sourcecode.swift; path = RMLocation.swift; sourceTree = "<group>"; };
		8AE1244C29ACF03900D0C4B6 /* RMCharacter.swift */ = {isa = PBXFileReference; lastKnownFileType = sourcecode.swift; path = RMCharacter.swift; sourceTree = "<group>"; };
		8AE1244E29ACF05100D0C4B6 /* RMEpisode.swift */ = {isa = PBXFileReference; lastKnownFileType = sourcecode.swift; path = RMEpisode.swift; sourceTree = "<group>"; };
		8AE1245129ACF30700D0C4B6 /* RMCharacterViewController.swift */ = {isa = PBXFileReference; lastKnownFileType = sourcecode.swift; path = RMCharacterViewController.swift; sourceTree = "<group>"; };
		8AE1245329ACF34B00D0C4B6 /* RMLocationViewController.swift */ = {isa = PBXFileReference; lastKnownFileType = sourcecode.swift; path = RMLocationViewController.swift; sourceTree = "<group>"; };
		8AE1245529ACF38600D0C4B6 /* RMEpisodeViewController.swift */ = {isa = PBXFileReference; lastKnownFileType = sourcecode.swift; path = RMEpisodeViewController.swift; sourceTree = "<group>"; };
		8AE1245729ACF39F00D0C4B6 /* RMSettingsViewController.swift */ = {isa = PBXFileReference; lastKnownFileType = sourcecode.swift; path = RMSettingsViewController.swift; sourceTree = "<group>"; };
/* End PBXFileReference section */

/* Begin PBXFrameworksBuildPhase section */
		8A2A543E29ACBAD800D032C4 /* Frameworks */ = {
			isa = PBXFrameworksBuildPhase;
			buildActionMask = 2147483647;
			files = (
			);
			runOnlyForDeploymentPostprocessing = 0;
		};
/* End PBXFrameworksBuildPhase section */

/* Begin PBXGroup section */
		8A2A543829ACBAD800D032C4 = {
			isa = PBXGroup;
			children = (
				8A2A544329ACBAD800D032C4 /* RickAndMortyApp */,
				8A2A544229ACBAD800D032C4 /* Products */,
			);
			sourceTree = "<group>";
		};
		8A2A544229ACBAD800D032C4 /* Products */ = {
			isa = PBXGroup;
			children = (
				8A2A544129ACBAD800D032C4 /* RickAndMortyApp.app */,
			);
			name = Products;
			sourceTree = "<group>";
		};
		8A2A544329ACBAD800D032C4 /* RickAndMortyApp */ = {
			isa = PBXGroup;
			children = (
				8AE1244929ACEFA500D0C4B6 /* Resources */,
				8AE1244829ACEF9500D0C4B6 /* APIClient */,
				8AE1244729ACEF6200D0C4B6 /* Managers */,
				8AE1244629ACEF4B00D0C4B6 /* ViewModels */,
				8AE1244529ACEF3E00D0C4B6 /* Views */,
				8AE1244429ACEF3900D0C4B6 /* Models */,
				8AE1244329ACEF2E00D0C4B6 /* Controllers */,
				8A2A545229ACBADA00D032C4 /* Info.plist */,
			);
			path = RickAndMortyApp;
			sourceTree = "<group>";
		};
		8AE1244329ACEF2E00D0C4B6 /* Controllers */ = {
			isa = PBXGroup;
			children = (
				8AE1245029ACF28C00D0C4B6 /* Core */,
			);
			path = Controllers;
			sourceTree = "<group>";
		};
		8AE1244429ACEF3900D0C4B6 /* Models */ = {
			isa = PBXGroup;
			children = (
				8AE1244A29ACF02200D0C4B6 /* RMLocation.swift */,
				8AE1244C29ACF03900D0C4B6 /* RMCharacter.swift */,
				8AE1244E29ACF05100D0C4B6 /* RMEpisode.swift */,
			);
			path = Models;
			sourceTree = "<group>";
		};
		8AE1244529ACEF3E00D0C4B6 /* Views */ = {
			isa = PBXGroup;
			children = (
			);
			path = Views;
			sourceTree = "<group>";
		};
		8AE1244629ACEF4B00D0C4B6 /* ViewModels */ = {
			isa = PBXGroup;
			children = (
			);
			path = ViewModels;
			sourceTree = "<group>";
		};
		8AE1244729ACEF6200D0C4B6 /* Managers */ = {
			isa = PBXGroup;
			children = (
			);
			path = Managers;
			sourceTree = "<group>";
		};
		8AE1244829ACEF9500D0C4B6 /* APIClient */ = {
			isa = PBXGroup;
			children = (
			);
			path = APIClient;
			sourceTree = "<group>";
		};
		8AE1244929ACEFA500D0C4B6 /* Resources */ = {
			isa = PBXGroup;
			children = (
				8A2A544429ACBAD800D032C4 /* AppDelegate.swift */,
				8A2A544629ACBAD800D032C4 /* SceneDelegate.swift */,
				8A2A544D29ACBADA00D032C4 /* Assets.xcassets */,
				8A2A544F29ACBADA00D032C4 /* LaunchScreen.storyboard */,
			);
			path = Resources;
			sourceTree = "<group>";
		};
		8AE1245029ACF28C00D0C4B6 /* Core */ = {
			isa = PBXGroup;
			children = (
				8A2A544829ACBAD800D032C4 /* RMTabBarController.swift */,
				8AE1245129ACF30700D0C4B6 /* RMCharacterViewController.swift */,
				8AE1245329ACF34B00D0C4B6 /* RMLocationViewController.swift */,
				8AE1245529ACF38600D0C4B6 /* RMEpisodeViewController.swift */,
				8AE1245729ACF39F00D0C4B6 /* RMSettingsViewController.swift */,
			);
			path = Core;
			sourceTree = "<group>";
		};
/* End PBXGroup section */

/* Begin PBXNativeTarget section */
		8A2A544029ACBAD800D032C4 /* RickAndMortyApp */ = {
			isa = PBXNativeTarget;
			buildConfigurationList = 8A2A545529ACBADA00D032C4 /* Build configuration list for PBXNativeTarget "RickAndMortyApp" */;
			buildPhases = (
				8A2A543D29ACBAD800D032C4 /* Sources */,
				8A2A543E29ACBAD800D032C4 /* Frameworks */,
				8A2A543F29ACBAD800D032C4 /* Resources */,
			);
			buildRules = (
			);
			dependencies = (
			);
			name = RickAndMortyApp;
			productName = RickAndMortyApp;
			productReference = 8A2A544129ACBAD800D032C4 /* RickAndMortyApp.app */;
			productType = "com.apple.product-type.application";
		};
/* End PBXNativeTarget section */

/* Begin PBXProject section */
		8A2A543929ACBAD800D032C4 /* Project object */ = {
			isa = PBXProject;
			attributes = {
				BuildIndependentTargetsInParallel = 1;
				LastSwiftUpdateCheck = 1410;
				LastUpgradeCheck = 1410;
				TargetAttributes = {
					8A2A544029ACBAD800D032C4 = {
						CreatedOnToolsVersion = 14.1;
					};
				};
			};
			buildConfigurationList = 8A2A543C29ACBAD800D032C4 /* Build configuration list for PBXProject "RickAndMortyApp" */;
			compatibilityVersion = "Xcode 14.0";
			developmentRegion = en;
			hasScannedForEncodings = 0;
			knownRegions = (
				en,
				Base,
			);
			mainGroup = 8A2A543829ACBAD800D032C4;
			productRefGroup = 8A2A544229ACBAD800D032C4 /* Products */;
			projectDirPath = "";
			projectRoot = "";
			targets = (
				8A2A544029ACBAD800D032C4 /* RickAndMortyApp */,
			);
		};
/* End PBXProject section */

/* Begin PBXResourcesBuildPhase section */
		8A2A543F29ACBAD800D032C4 /* Resources */ = {
			isa = PBXResourcesBuildPhase;
			buildActionMask = 2147483647;
			files = (
				8A2A545129ACBADA00D032C4 /* LaunchScreen.storyboard in Resources */,
				8A2A544E29ACBADA00D032C4 /* Assets.xcassets in Resources */,
			);
			runOnlyForDeploymentPostprocessing = 0;
		};
/* End PBXResourcesBuildPhase section */

/* Begin PBXSourcesBuildPhase section */
		8A2A543D29ACBAD800D032C4 /* Sources */ = {
			isa = PBXSourcesBuildPhase;
			buildActionMask = 2147483647;
			files = (
				8AE1245429ACF34B00D0C4B6 /* RMLocationViewController.swift in Sources */,
				8AE1244F29ACF05100D0C4B6 /* RMEpisode.swift in Sources */,
				8A2A544929ACBAD800D032C4 /* RMTabBarController.swift in Sources */,
				8AE1245629ACF38600D0C4B6 /* RMEpisodeViewController.swift in Sources */,
				8A2A544529ACBAD800D032C4 /* AppDelegate.swift in Sources */,
				8A2A544729ACBAD800D032C4 /* SceneDelegate.swift in Sources */,
				8AE1245829ACF39F00D0C4B6 /* RMSettingsViewController.swift in Sources */,
				8AE1244B29ACF02200D0C4B6 /* RMLocation.swift in Sources */,
				8AE1244D29ACF03900D0C4B6 /* RMCharacter.swift in Sources */,
				8AE1245229ACF30700D0C4B6 /* RMCharacterViewController.swift in Sources */,
			);
			runOnlyForDeploymentPostprocessing = 0;
		};
/* End PBXSourcesBuildPhase section */

/* Begin PBXVariantGroup section */
		8A2A544F29ACBADA00D032C4 /* LaunchScreen.storyboard */ = {
			isa = PBXVariantGroup;
			children = (
				8A2A545029ACBADA00D032C4 /* Base */,
			);
			name = LaunchScreen.storyboard;
			sourceTree = "<group>";
		};
/* End PBXVariantGroup section */

/* Begin XCBuildConfiguration section */
		8A2A545329ACBADA00D032C4 /* Debug */ = {
			isa = XCBuildConfiguration;
			buildSettings = {
				ALWAYS_SEARCH_USER_PATHS = NO;
				CLANG_ANALYZER_NONNULL = YES;
				CLANG_ANALYZER_NUMBER_OBJECT_CONVERSION = YES_AGGRESSIVE;
				CLANG_CXX_LANGUAGE_STANDARD = "gnu++20";
				CLANG_ENABLE_MODULES = YES;
				CLANG_ENABLE_OBJC_ARC = YES;
				CLANG_ENABLE_OBJC_WEAK = YES;
				CLANG_WARN_BLOCK_CAPTURE_AUTORELEASING = YES;
				CLANG_WARN_BOOL_CONVERSION = YES;
				CLANG_WARN_COMMA = YES;
				CLANG_WARN_CONSTANT_CONVERSION = YES;
				CLANG_WARN_DEPRECATED_OBJC_IMPLEMENTATIONS = YES;
				CLANG_WARN_DIRECT_OBJC_ISA_USAGE = YES_ERROR;
				CLANG_WARN_DOCUMENTATION_COMMENTS = YES;
				CLANG_WARN_EMPTY_BODY = YES;
				CLANG_WARN_ENUM_CONVERSION = YES;
				CLANG_WARN_INFINITE_RECURSION = YES;
				CLANG_WARN_INT_CONVERSION = YES;
				CLANG_WARN_NON_LITERAL_NULL_CONVERSION = YES;
				CLANG_WARN_OBJC_IMPLICIT_RETAIN_SELF = YES;
				CLANG_WARN_OBJC_LITERAL_CONVERSION = YES;
				CLANG_WARN_OBJC_ROOT_CLASS = YES_ERROR;
				CLANG_WARN_QUOTED_INCLUDE_IN_FRAMEWORK_HEADER = YES;
				CLANG_WARN_RANGE_LOOP_ANALYSIS = YES;
				CLANG_WARN_STRICT_PROTOTYPES = YES;
				CLANG_WARN_SUSPICIOUS_MOVE = YES;
				CLANG_WARN_UNGUARDED_AVAILABILITY = YES_AGGRESSIVE;
				CLANG_WARN_UNREACHABLE_CODE = YES;
				CLANG_WARN__DUPLICATE_METHOD_MATCH = YES;
				COPY_PHASE_STRIP = NO;
				DEBUG_INFORMATION_FORMAT = dwarf;
				ENABLE_STRICT_OBJC_MSGSEND = YES;
				ENABLE_TESTABILITY = YES;
				GCC_C_LANGUAGE_STANDARD = gnu11;
				GCC_DYNAMIC_NO_PIC = NO;
				GCC_NO_COMMON_BLOCKS = YES;
				GCC_OPTIMIZATION_LEVEL = 0;
				GCC_PREPROCESSOR_DEFINITIONS = (
					"DEBUG=1",
					"$(inherited)",
				);
				GCC_WARN_64_TO_32_BIT_CONVERSION = YES;
				GCC_WARN_ABOUT_RETURN_TYPE = YES_ERROR;
				GCC_WARN_UNDECLARED_SELECTOR = YES;
				GCC_WARN_UNINITIALIZED_AUTOS = YES_AGGRESSIVE;
				GCC_WARN_UNUSED_FUNCTION = YES;
				GCC_WARN_UNUSED_VARIABLE = YES;
				IPHONEOS_DEPLOYMENT_TARGET = 16.1;
				MTL_ENABLE_DEBUG_INFO = INCLUDE_SOURCE;
				MTL_FAST_MATH = YES;
				ONLY_ACTIVE_ARCH = YES;
				SDKROOT = iphoneos;
				SWIFT_ACTIVE_COMPILATION_CONDITIONS = DEBUG;
				SWIFT_OPTIMIZATION_LEVEL = "-Onone";
			};
			name = Debug;
		};
		8A2A545429ACBADA00D032C4 /* Release */ = {
			isa = XCBuildConfiguration;
			buildSettings = {
				ALWAYS_SEARCH_USER_PATHS = NO;
				CLANG_ANALYZER_NONNULL = YES;
				CLANG_ANALYZER_NUMBER_OBJECT_CONVERSION = YES_AGGRESSIVE;
				CLANG_CXX_LANGUAGE_STANDARD = "gnu++20";
				CLANG_ENABLE_MODULES = YES;
				CLANG_ENABLE_OBJC_ARC = YES;
				CLANG_ENABLE_OBJC_WEAK = YES;
				CLANG_WARN_BLOCK_CAPTURE_AUTORELEASING = YES;
				CLANG_WARN_BOOL_CONVERSION = YES;
				CLANG_WARN_COMMA = YES;
				CLANG_WARN_CONSTANT_CONVERSION = YES;
				CLANG_WARN_DEPRECATED_OBJC_IMPLEMENTATIONS = YES;
				CLANG_WARN_DIRECT_OBJC_ISA_USAGE = YES_ERROR;
				CLANG_WARN_DOCUMENTATION_COMMENTS = YES;
				CLANG_WARN_EMPTY_BODY = YES;
				CLANG_WARN_ENUM_CONVERSION = YES;
				CLANG_WARN_INFINITE_RECURSION = YES;
				CLANG_WARN_INT_CONVERSION = YES;
				CLANG_WARN_NON_LITERAL_NULL_CONVERSION = YES;
				CLANG_WARN_OBJC_IMPLICIT_RETAIN_SELF = YES;
				CLANG_WARN_OBJC_LITERAL_CONVERSION = YES;
				CLANG_WARN_OBJC_ROOT_CLASS = YES_ERROR;
				CLANG_WARN_QUOTED_INCLUDE_IN_FRAMEWORK_HEADER = YES;
				CLANG_WARN_RANGE_LOOP_ANALYSIS = YES;
				CLANG_WARN_STRICT_PROTOTYPES = YES;
				CLANG_WARN_SUSPICIOUS_MOVE = YES;
				CLANG_WARN_UNGUARDED_AVAILABILITY = YES_AGGRESSIVE;
				CLANG_WARN_UNREACHABLE_CODE = YES;
				CLANG_WARN__DUPLICATE_METHOD_MATCH = YES;
				COPY_PHASE_STRIP = NO;
				DEBUG_INFORMATION_FORMAT = "dwarf-with-dsym";
				ENABLE_NS_ASSERTIONS = NO;
				ENABLE_STRICT_OBJC_MSGSEND = YES;
				GCC_C_LANGUAGE_STANDARD = gnu11;
				GCC_NO_COMMON_BLOCKS = YES;
				GCC_WARN_64_TO_32_BIT_CONVERSION = YES;
				GCC_WARN_ABOUT_RETURN_TYPE = YES_ERROR;
				GCC_WARN_UNDECLARED_SELECTOR = YES;
				GCC_WARN_UNINITIALIZED_AUTOS = YES_AGGRESSIVE;
				GCC_WARN_UNUSED_FUNCTION = YES;
				GCC_WARN_UNUSED_VARIABLE = YES;
				IPHONEOS_DEPLOYMENT_TARGET = 16.1;
				MTL_ENABLE_DEBUG_INFO = NO;
				MTL_FAST_MATH = YES;
				SDKROOT = iphoneos;
				SWIFT_COMPILATION_MODE = wholemodule;
				SWIFT_OPTIMIZATION_LEVEL = "-O";
				VALIDATE_PRODUCT = YES;
			};
			name = Release;
		};
		8A2A545629ACBADA00D032C4 /* Debug */ = {
			isa = XCBuildConfiguration;
			buildSettings = {
				ASSETCATALOG_COMPILER_APPICON_NAME = AppIcon;
				ASSETCATALOG_COMPILER_GLOBAL_ACCENT_COLOR_NAME = AccentColor;
				CODE_SIGN_STYLE = Automatic;
				CURRENT_PROJECT_VERSION = 1;
				GENERATE_INFOPLIST_FILE = YES;
				INFOPLIST_FILE = RickAndMortyApp/Info.plist;
				INFOPLIST_KEY_UIApplicationSupportsIndirectInputEvents = YES;
				INFOPLIST_KEY_UILaunchStoryboardName = LaunchScreen;
				INFOPLIST_KEY_UISupportedInterfaceOrientations_iPad = "UIInterfaceOrientationPortrait UIInterfaceOrientationPortraitUpsideDown UIInterfaceOrientationLandscapeLeft UIInterfaceOrientationLandscapeRight";
				INFOPLIST_KEY_UISupportedInterfaceOrientations_iPhone = "UIInterfaceOrientationPortrait UIInterfaceOrientationLandscapeLeft UIInterfaceOrientationLandscapeRight";
				LD_RUNPATH_SEARCH_PATHS = (
					"$(inherited)",
					"@executable_path/Frameworks",
				);
				MARKETING_VERSION = 1.0;
				PRODUCT_BUNDLE_IDENTIFIER = com.mycompany.FirstApp.RickAndMortyApp;
				PRODUCT_NAME = "$(TARGET_NAME)";
				SWIFT_EMIT_LOC_STRINGS = YES;
				SWIFT_VERSION = 5.0;
				TARGETED_DEVICE_FAMILY = "1,2";
			};
			name = Debug;
		};
		8A2A545729ACBADA00D032C4 /* Release */ = {
			isa = XCBuildConfiguration;
			buildSettings = {
				ASSETCATALOG_COMPILER_APPICON_NAME = AppIcon;
				ASSETCATALOG_COMPILER_GLOBAL_ACCENT_COLOR_NAME = AccentColor;
				CODE_SIGN_STYLE = Automatic;
				CURRENT_PROJECT_VERSION = 1;
				GENERATE_INFOPLIST_FILE = YES;
				INFOPLIST_FILE = RickAndMortyApp/Info.plist;
				INFOPLIST_KEY_UIApplicationSupportsIndirectInputEvents = YES;
				INFOPLIST_KEY_UILaunchStoryboardName = LaunchScreen;
				INFOPLIST_KEY_UISupportedInterfaceOrientations_iPad = "UIInterfaceOrientationPortrait UIInterfaceOrientationPortraitUpsideDown UIInterfaceOrientationLandscapeLeft UIInterfaceOrientationLandscapeRight";
				INFOPLIST_KEY_UISupportedInterfaceOrientations_iPhone = "UIInterfaceOrientationPortrait UIInterfaceOrientationLandscapeLeft UIInterfaceOrientationLandscapeRight";
				LD_RUNPATH_SEARCH_PATHS = (
					"$(inherited)",
					"@executable_path/Frameworks",
				);
				MARKETING_VERSION = 1.0;
				PRODUCT_BUNDLE_IDENTIFIER = com.mycompany.FirstApp.RickAndMortyApp;
				PRODUCT_NAME = "$(TARGET_NAME)";
				SWIFT_EMIT_LOC_STRINGS = YES;
				SWIFT_VERSION = 5.0;
				TARGETED_DEVICE_FAMILY = "1,2";
			};
			name = Release;
		};
/* End XCBuildConfiguration section */

/* Begin XCConfigurationList section */
		8A2A543C29ACBAD800D032C4 /* Build configuration list for PBXProject "RickAndMortyApp" */ = {
			isa = XCConfigurationList;
			buildConfigurations = (
				8A2A545329ACBADA00D032C4 /* Debug */,
				8A2A545429ACBADA00D032C4 /* Release */,
			);
			defaultConfigurationIsVisible = 0;
			defaultConfigurationName = Release;
		};
		8A2A545529ACBADA00D032C4 /* Build configuration list for PBXNativeTarget "RickAndMortyApp" */ = {
			isa = XCConfigurationList;
			buildConfigurations = (
				8A2A545629ACBADA00D032C4 /* Debug */,
				8A2A545729ACBADA00D032C4 /* Release */,
			);
			defaultConfigurationIsVisible = 0;
			defaultConfigurationName = Release;
		};
/* End XCConfigurationList section */
	};
	rootObject = 8A2A543929ACBAD800D032C4 /* Project object */;
}
